
Microsoft Visual Studio Solution File, Format Version 12.00
# Visual Studio Version 16
VisualStudioVersion = 16.0.28922.388
MinimumVisualStudioVersion = 10.0.40219.1
Project("{FAE04EC0-301F-11D3-BF4B-00C04F79EFBC}") = "GAMESTOREHELLO", "GAMESTOREHELLO\GAMESTOREHELLO.csproj", "{BF1803FD-047E-44A7-BF62-6906293AAFAD}"
EndProject
Global
	GlobalSection(SolutionConfigurationPlatforms) = preSolution
		Debug|Any CPU = Debug|Any CPU
		Release|Any CPU = Release|Any CPU
	EndGlobalSection
	GlobalSection(ProjectConfigurationPlatforms) = postSolution
		{BF1803FD-047E-44A7-BF62-6906293AAFAD}.Debug|Any CPU.ActiveCfg = Debug|Any CPU
		{BF1803FD-047E-44A7-BF62-6906293AAFAD}.Debug|Any CPU.Build.0 = Debug|Any CPU
		{BF1803FD-047E-44A7-BF62-6906293AAFAD}.Release|Any CPU.ActiveCfg = Release|Any CPU
		{BF1803FD-047E-44A7-BF62-6906293AAFAD}.Release|Any CPU.Build.0 = Release|Any CPU
	EndGlobalSection
	GlobalSection(SolutionProperties) = preSolution
		HideSolutionNode = FALSE
	EndGlobalSection
	GlobalSection(ExtensibilityGlobals) = postSolution
		SolutionGuid = {4B41BCAF-B666-4276-99BE-6E12BAC4FAF3}
	EndGlobalSection
EndGlobal
